// !$*UTF8*$!
{
	archiveVersion = 1;
	classes = {
	};
	objectVersion = 56;
	objects = {

/* Begin PBXBuildFile section */
		920DCB762B6513D900F33D63 /* AppDelegate.swift in Sources */ = {isa = PBXBuildFile; fileRef = 920DCB752B6513D900F33D63 /* AppDelegate.swift */; };
		920DCB782B6513D900F33D63 /* SceneDelegate.swift in Sources */ = {isa = PBXBuildFile; fileRef = 920DCB772B6513D900F33D63 /* SceneDelegate.swift */; };
		920DCB7D2B6513D900F33D63 /* Main.storyboard in Resources */ = {isa = PBXBuildFile; fileRef = 920DCB7B2B6513D900F33D63 /* Main.storyboard */; };
		920DCB802B6513D900F33D63 /* ProjetoFilmes.xcdatamodeld in Sources */ = {isa = PBXBuildFile; fileRef = 920DCB7E2B6513D900F33D63 /* ProjetoFilmes.xcdatamodeld */; };
		920DCB822B6513DA00F33D63 /* Assets.xcassets in Resources */ = {isa = PBXBuildFile; fileRef = 920DCB812B6513DA00F33D63 /* Assets.xcassets */; };
		920DCB852B6513DA00F33D63 /* LaunchScreen.storyboard in Resources */ = {isa = PBXBuildFile; fileRef = 920DCB832B6513DA00F33D63 /* LaunchScreen.storyboard */; };
		920DCB922B65253900F33D63 /* AlertHelper.swift in Sources */ = {isa = PBXBuildFile; fileRef = 920DCB912B65253900F33D63 /* AlertHelper.swift */; };
		920DCB942B6530F400F33D63 /* LoginViewController.swift in Sources */ = {isa = PBXBuildFile; fileRef = 920DCB932B6530F300F33D63 /* LoginViewController.swift */; };
		920DCB982B658FE900F33D63 /* FilmesTableViewCell.swift in Sources */ = {isa = PBXBuildFile; fileRef = 920DCB972B658FE900F33D63 /* FilmesTableViewCell.swift */; };
		92F729FF2B65964B000F29B3 /* FilmesViewController.swift in Sources */ = {isa = PBXBuildFile; fileRef = 92F729FE2B65964B000F29B3 /* FilmesViewController.swift */; };
/* End PBXBuildFile section */

/* Begin PBXFileReference section */
		920DCB722B6513D900F33D63 /* ProjetoFilmes.app */ = {isa = PBXFileReference; explicitFileType = wrapper.application; includeInIndex = 0; path = ProjetoFilmes.app; sourceTree = BUILT_PRODUCTS_DIR; };
		920DCB752B6513D900F33D63 /* AppDelegate.swift */ = {isa = PBXFileReference; lastKnownFileType = sourcecode.swift; path = AppDelegate.swift; sourceTree = "<group>"; };
		920DCB772B6513D900F33D63 /* SceneDelegate.swift */ = {isa = PBXFileReference; lastKnownFileType = sourcecode.swift; path = SceneDelegate.swift; sourceTree = "<group>"; };
		920DCB7C2B6513D900F33D63 /* Base */ = {isa = PBXFileReference; lastKnownFileType = file.storyboard; name = Base; path = Base.lproj/Main.storyboard; sourceTree = "<group>"; };
		920DCB7F2B6513D900F33D63 /* ProjetoFilmes.xcdatamodel */ = {isa = PBXFileReference; lastKnownFileType = wrapper.xcdatamodel; path = ProjetoFilmes.xcdatamodel; sourceTree = "<group>"; };
		920DCB812B6513DA00F33D63 /* Assets.xcassets */ = {isa = PBXFileReference; lastKnownFileType = folder.assetcatalog; path = Assets.xcassets; sourceTree = "<group>"; };
		920DCB842B6513DA00F33D63 /* Base */ = {isa = PBXFileReference; lastKnownFileType = file.storyboard; name = Base; path = Base.lproj/LaunchScreen.storyboard; sourceTree = "<group>"; };
		920DCB862B6513DA00F33D63 /* ProjetoFilmes.entitlements */ = {isa = PBXFileReference; lastKnownFileType = text.plist.entitlements; path = ProjetoFilmes.entitlements; sourceTree = "<group>"; };
		920DCB872B6513DA00F33D63 /* Info.plist */ = {isa = PBXFileReference; lastKnownFileType = text.plist.xml; path = Info.plist; sourceTree = "<group>"; };
		920DCB912B65253900F33D63 /* AlertHelper.swift */ = {isa = PBXFileReference; lastKnownFileType = sourcecode.swift; path = AlertHelper.swift; sourceTree = "<group>"; };
		920DCB932B6530F300F33D63 /* LoginViewController.swift */ = {isa = PBXFileReference; lastKnownFileType = sourcecode.swift; path = LoginViewController.swift; sourceTree = "<group>"; };
		920DCB972B658FE900F33D63 /* FilmesTableViewCell.swift */ = {isa = PBXFileReference; lastKnownFileType = sourcecode.swift; path = FilmesTableViewCell.swift; sourceTree = "<group>"; };
		92F729FE2B65964B000F29B3 /* FilmesViewController.swift */ = {isa = PBXFileReference; lastKnownFileType = sourcecode.swift; path = FilmesViewController.swift; sourceTree = "<group>"; };
/* End PBXFileReference section */

/* Begin PBXFrameworksBuildPhase section */
		920DCB6F2B6513D900F33D63 /* Frameworks */ = {
			isa = PBXFrameworksBuildPhase;
			buildActionMask = 2147483647;
			files = (
			);
			runOnlyForDeploymentPostprocessing = 0;
		};
/* End PBXFrameworksBuildPhase section */

/* Begin PBXGroup section */
		920DCB692B6513D900F33D63 = {
			isa = PBXGroup;
			children = (
				920DCB902B651D6800F33D63 /* Utils */,
				920DCB8F2B65141C00F33D63 /* View */,
				920DCB8E2B65140900F33D63 /* Model */,
				920DCB8D2B6513F200F33D63 /* Controller */,
				920DCB742B6513D900F33D63 /* ProjetoFilmes */,
				920DCB732B6513D900F33D63 /* Products */,
			);
			sourceTree = "<group>";
		};
		920DCB732B6513D900F33D63 /* Products */ = {
			isa = PBXGroup;
			children = (
				920DCB722B6513D900F33D63 /* ProjetoFilmes.app */,
			);
			name = Products;
			sourceTree = "<group>";
		};
		920DCB742B6513D900F33D63 /* ProjetoFilmes */ = {
			isa = PBXGroup;
			children = (
				920DCB812B6513DA00F33D63 /* Assets.xcassets */,
				920DCB832B6513DA00F33D63 /* LaunchScreen.storyboard */,
				920DCB862B6513DA00F33D63 /* ProjetoFilmes.entitlements */,
				920DCB872B6513DA00F33D63 /* Info.plist */,
			);
			path = ProjetoFilmes;
			sourceTree = "<group>";
		};
		920DCB8D2B6513F200F33D63 /* Controller */ = {
			isa = PBXGroup;
			children = (
				920DCB932B6530F300F33D63 /* LoginViewController.swift */,
				92F729FE2B65964B000F29B3 /* FilmesViewController.swift */,
			);
			path = Controller;
			sourceTree = "<group>";
		};
		920DCB8E2B65140900F33D63 /* Model */ = {
			isa = PBXGroup;
			children = (
				920DCB7E2B6513D900F33D63 /* ProjetoFilmes.xcdatamodeld */,
				920DCB972B658FE900F33D63 /* FilmesTableViewCell.swift */,
			);
			path = Model;
			sourceTree = "<group>";
		};
		920DCB8F2B65141C00F33D63 /* View */ = {
			isa = PBXGroup;
			children = (
				920DCB7B2B6513D900F33D63 /* Main.storyboard */,
			);
			path = View;
			sourceTree = "<group>";
		};
		920DCB902B651D6800F33D63 /* Utils */ = {
			isa = PBXGroup;
			children = (
				920DCB772B6513D900F33D63 /* SceneDelegate.swift */,
				920DCB752B6513D900F33D63 /* AppDelegate.swift */,
				920DCB912B65253900F33D63 /* AlertHelper.swift */,
			);
			path = Utils;
			sourceTree = "<group>";
		};
/* End PBXGroup section */

/* Begin PBXNativeTarget section */
		920DCB712B6513D900F33D63 /* ProjetoFilmes */ = {
			isa = PBXNativeTarget;
			buildConfigurationList = 920DCB8A2B6513DA00F33D63 /* Build configuration list for PBXNativeTarget "ProjetoFilmes" */;
			buildPhases = (
				920DCB6E2B6513D900F33D63 /* Sources */,
				920DCB6F2B6513D900F33D63 /* Frameworks */,
				920DCB702B6513D900F33D63 /* Resources */,
			);
			buildRules = (
			);
			dependencies = (
			);
			name = ProjetoFilmes;
			productName = ProjetoFilmes;
			productReference = 920DCB722B6513D900F33D63 /* ProjetoFilmes.app */;
			productType = "com.apple.product-type.application";
		};
/* End PBXNativeTarget section */

/* Begin PBXProject section */
		920DCB6A2B6513D900F33D63 /* Project object */ = {
			isa = PBXProject;
			attributes = {
				BuildIndependentTargetsInParallel = 1;
				LastSwiftUpdateCheck = 1520;
				LastUpgradeCheck = 1520;
				TargetAttributes = {
					920DCB712B6513D900F33D63 = {
						CreatedOnToolsVersion = 15.2;
					};
				};
			};
			buildConfigurationList = 920DCB6D2B6513D900F33D63 /* Build configuration list for PBXProject "ProjetoFilmes" */;
			compatibilityVersion = "Xcode 14.0";
			developmentRegion = en;
			hasScannedForEncodings = 0;
			knownRegions = (
				en,
				Base,
			);
			mainGroup = 920DCB692B6513D900F33D63;
			productRefGroup = 920DCB732B6513D900F33D63 /* Products */;
			projectDirPath = "";
			projectRoot = "";
			targets = (
				920DCB712B6513D900F33D63 /* ProjetoFilmes */,
			);
		};
/* End PBXProject section */

/* Begin PBXResourcesBuildPhase section */
		920DCB702B6513D900F33D63 /* Resources */ = {
			isa = PBXResourcesBuildPhase;
			buildActionMask = 2147483647;
			files = (
				920DCB852B6513DA00F33D63 /* LaunchScreen.storyboard in Resources */,
				920DCB822B6513DA00F33D63 /* Assets.xcassets in Resources */,
				920DCB7D2B6513D900F33D63 /* Main.storyboard in Resources */,
			);
			runOnlyForDeploymentPostprocessing = 0;
		};
/* End PBXResourcesBuildPhase section */

/* Begin PBXSourcesBuildPhase section */
		920DCB6E2B6513D900F33D63 /* Sources */ = {
			isa = PBXSourcesBuildPhase;
			buildActionMask = 2147483647;
			files = (
				920DCB922B65253900F33D63 /* AlertHelper.swift in Sources */,
				920DCB802B6513D900F33D63 /* ProjetoFilmes.xcdatamodeld in Sources */,
				920DCB762B6513D900F33D63 /* AppDelegate.swift in Sources */,
				920DCB982B658FE900F33D63 /* FilmesTableViewCell.swift in Sources */,
				92F729FF2B65964B000F29B3 /* FilmesViewController.swift in Sources */,
				920DCB942B6530F400F33D63 /* LoginViewController.swift in Sources */,
				920DCB782B6513D900F33D63 /* SceneDelegate.swift in Sources */,
			);
			runOnlyForDeploymentPostprocessing = 0;
		};
/* End PBXSourcesBuildPhase section */

/* Begin PBXVariantGroup section */
		920DCB7B2B6513D900F33D63 /* Main.storyboard */ = {
			isa = PBXVariantGroup;
			children = (
				920DCB7C2B6513D900F33D63 /* Base */,
			);
			name = Main.storyboard;
			sourceTree = "<group>";
		};
		920DCB832B6513DA00F33D63 /* LaunchScreen.storyboard */ = {
			isa = PBXVariantGroup;
			children = (
				920DCB842B6513DA00F33D63 /* Base */,
			);
			name = LaunchScreen.storyboard;
			sourceTree = "<group>";
		};
/* End PBXVariantGroup section */

/* Begin XCBuildConfiguration section */
		920DCB882B6513DA00F33D63 /* Debug */ = {
			isa = XCBuildConfiguration;
			buildSettings = {
				ALWAYS_SEARCH_USER_PATHS = NO;
				ASSETCATALOG_COMPILER_GENERATE_SWIFT_ASSET_SYMBOL_EXTENSIONS = YES;
				CLANG_ANALYZER_NONNULL = YES;
				CLANG_ANALYZER_NUMBER_OBJECT_CONVERSION = YES_AGGRESSIVE;
				CLANG_CXX_LANGUAGE_STANDARD = "gnu++20";
				CLANG_ENABLE_MODULES = YES;
				CLANG_ENABLE_OBJC_ARC = YES;
				CLANG_ENABLE_OBJC_WEAK = YES;
				CLANG_WARN_BLOCK_CAPTURE_AUTORELEASING = YES;
				CLANG_WARN_BOOL_CONVERSION = YES;
				CLANG_WARN_COMMA = YES;
				CLANG_WARN_CONSTANT_CONVERSION = YES;
				CLANG_WARN_DEPRECATED_OBJC_IMPLEMENTATIONS = YES;
				CLANG_WARN_DIRECT_OBJC_ISA_USAGE = YES_ERROR;
				CLANG_WARN_DOCUMENTATION_COMMENTS = YES;
				CLANG_WARN_EMPTY_BODY = YES;
				CLANG_WARN_ENUM_CONVERSION = YES;
				CLANG_WARN_INFINITE_RECURSION = YES;
				CLANG_WARN_INT_CONVERSION = YES;
				CLANG_WARN_NON_LITERAL_NULL_CONVERSION = YES;
				CLANG_WARN_OBJC_IMPLICIT_RETAIN_SELF = YES;
				CLANG_WARN_OBJC_LITERAL_CONVERSION = YES;
				CLANG_WARN_OBJC_ROOT_CLASS = YES_ERROR;
				CLANG_WARN_QUOTED_INCLUDE_IN_FRAMEWORK_HEADER = YES;
				CLANG_WARN_RANGE_LOOP_ANALYSIS = YES;
				CLANG_WARN_STRICT_PROTOTYPES = YES;
				CLANG_WARN_SUSPICIOUS_MOVE = YES;
				CLANG_WARN_UNGUARDED_AVAILABILITY = YES_AGGRESSIVE;
				CLANG_WARN_UNREACHABLE_CODE = YES;
				CLANG_WARN__DUPLICATE_METHOD_MATCH = YES;
				COPY_PHASE_STRIP = NO;
				DEBUG_INFORMATION_FORMAT = dwarf;
				ENABLE_STRICT_OBJC_MSGSEND = YES;
				ENABLE_TESTABILITY = YES;
				ENABLE_USER_SCRIPT_SANDBOXING = YES;
				GCC_C_LANGUAGE_STANDARD = gnu17;
				GCC_DYNAMIC_NO_PIC = NO;
				GCC_NO_COMMON_BLOCKS = YES;
				GCC_OPTIMIZATION_LEVEL = 0;
				GCC_PREPROCESSOR_DEFINITIONS = (
					"DEBUG=1",
					"$(inherited)",
				);
				GCC_WARN_64_TO_32_BIT_CONVERSION = YES;
				GCC_WARN_ABOUT_RETURN_TYPE = YES_ERROR;
				GCC_WARN_UNDECLARED_SELECTOR = YES;
				GCC_WARN_UNINITIALIZED_AUTOS = YES_AGGRESSIVE;
				GCC_WARN_UNUSED_FUNCTION = YES;
				GCC_WARN_UNUSED_VARIABLE = YES;
				IPHONEOS_DEPLOYMENT_TARGET = 17.2;
				LOCALIZATION_PREFERS_STRING_CATALOGS = YES;
				MTL_ENABLE_DEBUG_INFO = INCLUDE_SOURCE;
				MTL_FAST_MATH = YES;
				ONLY_ACTIVE_ARCH = YES;
				SDKROOT = iphoneos;
				SWIFT_ACTIVE_COMPILATION_CONDITIONS = "DEBUG $(inherited)";
				SWIFT_OPTIMIZATION_LEVEL = "-Onone";
			};
			name = Debug;
		};
		920DCB892B6513DA00F33D63 /* Release */ = {
			isa = XCBuildConfiguration;
			buildSettings = {
				ALWAYS_SEARCH_USER_PATHS = NO;
				ASSETCATALOG_COMPILER_GENERATE_SWIFT_ASSET_SYMBOL_EXTENSIONS = YES;
				CLANG_ANALYZER_NONNULL = YES;
				CLANG_ANALYZER_NUMBER_OBJECT_CONVERSION = YES_AGGRESSIVE;
				CLANG_CXX_LANGUAGE_STANDARD = "gnu++20";
				CLANG_ENABLE_MODULES = YES;
				CLANG_ENABLE_OBJC_ARC = YES;
				CLANG_ENABLE_OBJC_WEAK = YES;
				CLANG_WARN_BLOCK_CAPTURE_AUTORELEASING = YES;
				CLANG_WARN_BOOL_CONVERSION = YES;
				CLANG_WARN_COMMA = YES;
				CLANG_WARN_CONSTANT_CONVERSION = YES;
				CLANG_WARN_DEPRECATED_OBJC_IMPLEMENTATIONS = YES;
				CLANG_WARN_DIRECT_OBJC_ISA_USAGE = YES_ERROR;
				CLANG_WARN_DOCUMENTATION_COMMENTS = YES;
				CLANG_WARN_EMPTY_BODY = YES;
				CLANG_WARN_ENUM_CONVERSION = YES;
				CLANG_WARN_INFINITE_RECURSION = YES;
				CLANG_WARN_INT_CONVERSION = YES;
				CLANG_WARN_NON_LITERAL_NULL_CONVERSION = YES;
				CLANG_WARN_OBJC_IMPLICIT_RETAIN_SELF = YES;
				CLANG_WARN_OBJC_LITERAL_CONVERSION = YES;
				CLANG_WARN_OBJC_ROOT_CLASS = YES_ERROR;
				CLANG_WARN_QUOTED_INCLUDE_IN_FRAMEWORK_HEADER = YES;
				CLANG_WARN_RANGE_LOOP_ANALYSIS = YES;
				CLANG_WARN_STRICT_PROTOTYPES = YES;
				CLANG_WARN_SUSPICIOUS_MOVE = YES;
				CLANG_WARN_UNGUARDED_AVAILABILITY = YES_AGGRESSIVE;
				CLANG_WARN_UNREACHABLE_CODE = YES;
				CLANG_WARN__DUPLICATE_METHOD_MATCH = YES;
				COPY_PHASE_STRIP = NO;
				DEBUG_INFORMATION_FORMAT = "dwarf-with-dsym";
				ENABLE_NS_ASSERTIONS = NO;
				ENABLE_STRICT_OBJC_MSGSEND = YES;
				ENABLE_USER_SCRIPT_SANDBOXING = YES;
				GCC_C_LANGUAGE_STANDARD = gnu17;
				GCC_NO_COMMON_BLOCKS = YES;
				GCC_WARN_64_TO_32_BIT_CONVERSION = YES;
				GCC_WARN_ABOUT_RETURN_TYPE = YES_ERROR;
				GCC_WARN_UNDECLARED_SELECTOR = YES;
				GCC_WARN_UNINITIALIZED_AUTOS = YES_AGGRESSIVE;
				GCC_WARN_UNUSED_FUNCTION = YES;
				GCC_WARN_UNUSED_VARIABLE = YES;
				IPHONEOS_DEPLOYMENT_TARGET = 17.2;
				LOCALIZATION_PREFERS_STRING_CATALOGS = YES;
				MTL_ENABLE_DEBUG_INFO = NO;
				MTL_FAST_MATH = YES;
				SDKROOT = iphoneos;
				SWIFT_COMPILATION_MODE = wholemodule;
				VALIDATE_PRODUCT = YES;
			};
			name = Release;
		};
		920DCB8B2B6513DA00F33D63 /* Debug */ = {
			isa = XCBuildConfiguration;
			buildSettings = {
				ASSETCATALOG_COMPILER_APPICON_NAME = AppIcon;
				ASSETCATALOG_COMPILER_GLOBAL_ACCENT_COLOR_NAME = AccentColor;
				CODE_SIGN_ENTITLEMENTS = ProjetoFilmes/ProjetoFilmes.entitlements;
				CODE_SIGN_STYLE = Automatic;
				CURRENT_PROJECT_VERSION = 1;
				DEVELOPMENT_TEAM = 577MD467AD;
				GENERATE_INFOPLIST_FILE = YES;
				INFOPLIST_FILE = ProjetoFilmes/Info.plist;
				INFOPLIST_KEY_UIApplicationSupportsIndirectInputEvents = YES;
				INFOPLIST_KEY_UILaunchStoryboardName = LaunchScreen;
				INFOPLIST_KEY_UIMainStoryboardFile = Main;
				INFOPLIST_KEY_UISupportedInterfaceOrientations_iPad = "UIInterfaceOrientationPortrait UIInterfaceOrientationPortraitUpsideDown UIInterfaceOrientationLandscapeLeft UIInterfaceOrientationLandscapeRight";
				INFOPLIST_KEY_UISupportedInterfaceOrientations_iPhone = "UIInterfaceOrientationPortrait UIInterfaceOrientationLandscapeLeft UIInterfaceOrientationLandscapeRight";
				LD_RUNPATH_SEARCH_PATHS = (
					"$(inherited)",
					"@executable_path/Frameworks",
				);
				MARKETING_VERSION = 1.0;
				PRODUCT_BUNDLE_IDENTIFIER = "equipe-test.ProjetoFilmes";
				PRODUCT_NAME = "$(TARGET_NAME)";
				SWIFT_EMIT_LOC_STRINGS = YES;
				SWIFT_VERSION = 5.0;
				TARGETED_DEVICE_FAMILY = "1,2";
			};
			name = Debug;
		};
		920DCB8C2B6513DA00F33D63 /* Release */ = {
			isa = XCBuildConfiguration;
			buildSettings = {
				ASSETCATALOG_COMPILER_APPICON_NAME = AppIcon;
				ASSETCATALOG_COMPILER_GLOBAL_ACCENT_COLOR_NAME = AccentColor;
				CODE_SIGN_ENTITLEMENTS = ProjetoFilmes/ProjetoFilmes.entitlements;
				CODE_SIGN_STYLE = Automatic;
				CURRENT_PROJECT_VERSION = 1;
				DEVELOPMENT_TEAM = 577MD467AD;
				GENERATE_INFOPLIST_FILE = YES;
				INFOPLIST_FILE = ProjetoFilmes/Info.plist;
				INFOPLIST_KEY_UIApplicationSupportsIndirectInputEvents = YES;
				INFOPLIST_KEY_UILaunchStoryboardName = LaunchScreen;
				INFOPLIST_KEY_UIMainStoryboardFile = Main;
				INFOPLIST_KEY_UISupportedInterfaceOrientations_iPad = "UIInterfaceOrientationPortrait UIInterfaceOrientationPortraitUpsideDown UIInterfaceOrientationLandscapeLeft UIInterfaceOrientationLandscapeRight";
				INFOPLIST_KEY_UISupportedInterfaceOrientations_iPhone = "UIInterfaceOrientationPortrait UIInterfaceOrientationLandscapeLeft UIInterfaceOrientationLandscapeRight";
				LD_RUNPATH_SEARCH_PATHS = (
					"$(inherited)",
					"@executable_path/Frameworks",
				);
				MARKETING_VERSION = 1.0;
				PRODUCT_BUNDLE_IDENTIFIER = "equipe-test.ProjetoFilmes";
				PRODUCT_NAME = "$(TARGET_NAME)";
				SWIFT_EMIT_LOC_STRINGS = YES;
				SWIFT_VERSION = 5.0;
				TARGETED_DEVICE_FAMILY = "1,2";
			};
			name = Release;
		};
/* End XCBuildConfiguration section */

/* Begin XCConfigurationList section */
		920DCB6D2B6513D900F33D63 /* Build configuration list for PBXProject "ProjetoFilmes" */ = {
			isa = XCConfigurationList;
			buildConfigurations = (
				920DCB882B6513DA00F33D63 /* Debug */,
				920DCB892B6513DA00F33D63 /* Release */,
			);
			defaultConfigurationIsVisible = 0;
			defaultConfigurationName = Release;
		};
		920DCB8A2B6513DA00F33D63 /* Build configuration list for PBXNativeTarget "ProjetoFilmes" */ = {
			isa = XCConfigurationList;
			buildConfigurations = (
				920DCB8B2B6513DA00F33D63 /* Debug */,
				920DCB8C2B6513DA00F33D63 /* Release */,
			);
			defaultConfigurationIsVisible = 0;
			defaultConfigurationName = Release;
		};
/* End XCConfigurationList section */

/* Begin XCVersionGroup section */
		920DCB7E2B6513D900F33D63 /* ProjetoFilmes.xcdatamodeld */ = {
			isa = XCVersionGroup;
			children = (
				920DCB7F2B6513D900F33D63 /* ProjetoFilmes.xcdatamodel */,
			);
			currentVersion = 920DCB7F2B6513D900F33D63 /* ProjetoFilmes.xcdatamodel */;
			path = ProjetoFilmes.xcdatamodeld;
			sourceTree = "<group>";
			versionGroupType = wrapper.xcdatamodel;
		};
/* End XCVersionGroup section */
	};
	rootObject = 920DCB6A2B6513D900F33D63 /* Project object */;
}
